
Microsoft Visual Studio Solution File, Format Version 12.00
# Visual Studio 15
VisualStudioVersion = 15.0.26730.16
MinimumVisualStudioVersion = 10.0.40219.1
Project("{FAE04EC0-301F-11D3-BF4B-00C04F79EFBC}") = "MissionImpossible", "MissionImpossible\MissionImpossible.csproj", "{483B46F5-F3B7-4C91-8E03-E15DD4F77ADD}"
EndProject
Global
	GlobalSection(SolutionConfigurationPlatforms) = preSolution
		Debug|Any CPU = Debug|Any CPU
		Release|Any CPU = Release|Any CPU
	EndGlobalSection
	GlobalSection(ProjectConfigurationPlatforms) = postSolution
		{483B46F5-F3B7-4C91-8E03-E15DD4F77ADD}.Debug|Any CPU.ActiveCfg = Debug|Any CPU
		{483B46F5-F3B7-4C91-8E03-E15DD4F77ADD}.Debug|Any CPU.Build.0 = Debug|Any CPU
		{483B46F5-F3B7-4C91-8E03-E15DD4F77ADD}.Release|Any CPU.ActiveCfg = Release|Any CPU
		{483B46F5-F3B7-4C91-8E03-E15DD4F77ADD}.Release|Any CPU.Build.0 = Release|Any CPU
	EndGlobalSection
	GlobalSection(SolutionProperties) = preSolution
		HideSolutionNode = FALSE
	EndGlobalSection
	GlobalSection(ExtensibilityGlobals) = postSolution
		SolutionGuid = {C314EA8F-C0B9-423A-94E6-3CE76CC50C5F}
	EndGlobalSection
EndGlobal
